// !$*UTF8*$!
{
	archiveVersion = 1;
	classes = {
	};
	objectVersion = 46;
	objects = {

/* Begin PBXBuildFile section */
		09144A7313C2997E00388B00 /* Entitlements.plist in Resources */ = {isa = PBXBuildFile; fileRef = 09144A7213C2997E00388B00 /* Entitlements.plist */; };
		092354B313A1D7EB00DA740F /* CFNetwork.framework in Frameworks */ = {isa = PBXBuildFile; fileRef = 092354B213A1D7EB00DA740F /* CFNetwork.framework */; };
		092354B513A1D7F000DA740F /* SystemConfiguration.framework in Frameworks */ = {isa = PBXBuildFile; fileRef = 092354B413A1D7F000DA740F /* SystemConfiguration.framework */; };
		092354B713A1D83C00DA740F /* MobileCoreServices.framework in Frameworks */ = {isa = PBXBuildFile; fileRef = 092354B613A1D83C00DA740F /* MobileCoreServices.framework */; };
		095ACE8613C68EA300566243 /* AudioToolbox.framework in Frameworks */ = {isa = PBXBuildFile; fileRef = 095ACE8513C68EA300566243 /* AudioToolbox.framework */; };
		099CCEAD13F9E3760039A464 /* libz.1.1.3.dylib in Frameworks */ = {isa = PBXBuildFile; fileRef = 099CCEAC13F9E3760039A464 /* libz.1.1.3.dylib */; };
		09ABC07213A1D52D009C3FCF /* UIKit.framework in Frameworks */ = {isa = PBXBuildFile; fileRef = 09ABC07113A1D52D009C3FCF /* UIKit.framework */; };
		09ABC07413A1D52D009C3FCF /* Foundation.framework in Frameworks */ = {isa = PBXBuildFile; fileRef = 09ABC07313A1D52D009C3FCF /* Foundation.framework */; };
		09ABC07C13A1D52D009C3FCF /* InfoPlist.strings in Resources */ = {isa = PBXBuildFile; fileRef = 09ABC07A13A1D52D009C3FCF /* InfoPlist.strings */; };
		09ABC07F13A1D52D009C3FCF /* main.m in Sources */ = {isa = PBXBuildFile; fileRef = 09ABC07E13A1D52D009C3FCF /* main.m */; };
		09ABC08213A1D52D009C3FCF /* LFDelegate.m in Sources */ = {isa = PBXBuildFile; fileRef = 09ABC08113A1D52D009C3FCF /* LFDelegate.m */; };
		09BEF34C13D51C3F001BBCDB /* Security.framework in Frameworks */ = {isa = PBXBuildFile; fileRef = 09BEF34B13D51C3F001BBCDB /* Security.framework */; };
		2FCDD6B014A573F500295AAC /* QuartzCore.framework in Frameworks */ = {isa = PBXBuildFile; fileRef = 2FCDD6AF14A573F500295AAC /* QuartzCore.framework */; };
		4998650515BF305000803E05 /* StoreKit.framework in Frameworks */ = {isa = PBXBuildFile; fileRef = 4998650415BF305000803E05 /* StoreKit.framework */; };
		743D7B6D157DA60100084B67 /* CoreGraphics.framework in Frameworks */ = {isa = PBXBuildFile; fileRef = 743D7B6C157DA60100084B67 /* CoreGraphics.framework */; };
		811B095C1A09503D008B3393 /* ParseUI.framework in Frameworks */ = {isa = PBXBuildFile; fileRef = 811B095B1A09503D008B3393 /* ParseUI.framework */; };
		817AD67C196B009E0014C796 /* Bolts.framework in Frameworks */ = {isa = PBXBuildFile; fileRef = 817AD67B196B009E0014C796 /* Bolts.framework */; };
		81A6CA5D1A2EA09D00297C39 /* ParseCrashReporting.framework in Frameworks */ = {isa = PBXBuildFile; fileRef = 81A6CA5C1A2EA09D00297C39 /* ParseCrashReporting.framework */; };
		81A6CA611A2EA82800297C39 /* libstdc++.6.dylib in Frameworks */ = {isa = PBXBuildFile; fileRef = 81A6CA601A2EA82800297C39 /* libstdc++.6.dylib */; };
		81DDFD1919B4A60300BE649C /* Parse.framework in Frameworks */ = {isa = PBXBuildFile; fileRef = 81DDFD1719B4A60300BE649C /* Parse.framework */; };
		81DDFD1A19B4A60300BE649C /* ParseFacebookUtils.framework in Frameworks */ = {isa = PBXBuildFile; fileRef = 81DDFD1819B4A60300BE649C /* ParseFacebookUtils.framework */; };
		880B65641AA8A3B300FF12D6 /* MapKit.framework in Frameworks */ = {isa = PBXBuildFile; fileRef = 880B65631AA8A3B300FF12D6 /* MapKit.framework */; };
		883F6C9C1A9FE0CB00ABD4C0 /* LaunchScreen.xib in Resources */ = {isa = PBXBuildFile; fileRef = 883F6C9B1A9FE0CB00ABD4C0 /* LaunchScreen.xib */; };
		8852E7F11AB9FE680022FC8B /* LFMapListingViewController.m in Sources */ = {isa = PBXBuildFile; fileRef = 8852E7F01AB9FE680022FC8B /* LFMapListingViewController.m */; };
		8852E7F71ABA05A00022FC8B /* ListingAnnotation.m in Sources */ = {isa = PBXBuildFile; fileRef = 8852E7F61ABA05A00022FC8B /* ListingAnnotation.m */; };
		885E80231A9FB93D00DAE48B /* LFLoginViewController.m in Sources */ = {isa = PBXBuildFile; fileRef = 885E80211A9FB93D00DAE48B /* LFLoginViewController.m */; };
		885E80241A9FB93D00DAE48B /* LFLoginViewController.xib in Resources */ = {isa = PBXBuildFile; fileRef = 885E80221A9FB93D00DAE48B /* LFLoginViewController.xib */; };
		8862944E1A9FEF21004F028C /* LFNewUserViewController.m in Sources */ = {isa = PBXBuildFile; fileRef = 8862944D1A9FEF21004F028C /* LFNewUserViewController.m */; };
		886B59E41AA4BDFD0070E718 /* LFMapViewController.m in Sources */ = {isa = PBXBuildFile; fileRef = 886B59E21AA4BDFD0070E718 /* LFMapViewController.m */; };
		886B59E51AA4BDFD0070E718 /* LFMapViewController.xib in Resources */ = {isa = PBXBuildFile; fileRef = 886B59E31AA4BDFD0070E718 /* LFMapViewController.xib */; };
		886B59E91AA4BE780070E718 /* LFProfileViewController.m in Sources */ = {isa = PBXBuildFile; fileRef = 886B59E71AA4BE780070E718 /* LFProfileViewController.m */; };
		886B59EA1AA4BE780070E718 /* LFProfileViewController.xib in Resources */ = {isa = PBXBuildFile; fileRef = 886B59E81AA4BE780070E718 /* LFProfileViewController.xib */; };
		8873FCBB1AA0C2C6003A1096 /* LFNewUserViewController.xib in Resources */ = {isa = PBXBuildFile; fileRef = 8873FCBA1AA0C2C6003A1096 /* LFNewUserViewController.xib */; };
		887AAA911AA2245700E9A06A /* LFSearchViewController.xib in Resources */ = {isa = PBXBuildFile; fileRef = 887AAA8F1AA2245700E9A06A /* LFSearchViewController.xib */; };
		8883C9101AA7838A008C6B1E /* LFSearchResultsViewController.m in Sources */ = {isa = PBXBuildFile; fileRef = 8883C90F1AA7838A008C6B1E /* LFSearchResultsViewController.m */; };
		8883C9131AA783D3008C6B1E /* LFSearchViewController.m in Sources */ = {isa = PBXBuildFile; fileRef = 8883C9121AA783D3008C6B1E /* LFSearchViewController.m */; };
		8883C9161AA7861A008C6B1E /* LFSettingsViewController.m in Sources */ = {isa = PBXBuildFile; fileRef = 8883C9151AA7861A008C6B1E /* LFSettingsViewController.m */; };
		8883C9191AA7BDF4008C6B1E /* LFCreateListingViewController.m in Sources */ = {isa = PBXBuildFile; fileRef = 8883C9181AA7BDF4008C6B1E /* LFCreateListingViewController.m */; };
		88D0D6711AAF507300230E72 /* Listing.m in Sources */ = {isa = PBXBuildFile; fileRef = 88D0D6701AAF507300230E72 /* Listing.m */; };
		88D0D6791AAF7C9B00230E72 /* LFCategoriesViewController.m in Sources */ = {isa = PBXBuildFile; fileRef = 88D0D6781AAF7C9B00230E72 /* LFCategoriesViewController.m */; };
		88DB0BC21AB4E92B00076DA9 /* LFLocationViewController.m in Sources */ = {isa = PBXBuildFile; fileRef = 88DB0BC11AB4E92B00076DA9 /* LFLocationViewController.m */; };
		91D261791A36EB67005D713D /* libsqlite3.0.dylib in Frameworks */ = {isa = PBXBuildFile; fileRef = 91D261781A36EB67005D713D /* libsqlite3.0.dylib */; };
		DD952FCB16E7F5CF00470144 /* CoreLocation.framework in Frameworks */ = {isa = PBXBuildFile; fileRef = 97E18B1E1624CB5700B17A67 /* CoreLocation.framework */; };
		F5DD9E271A9B8D4600695F7C /* Images.xcassets in Resources */ = {isa = PBXBuildFile; fileRef = F5DD9E261A9B8D4600695F7C /* Images.xcassets */; };
		F5DD9E2B1A9B9CB400695F7C /* Main.storyboard in Resources */ = {isa = PBXBuildFile; fileRef = F5DD9E2A1A9B9CB400695F7C /* Main.storyboard */; };
/* End PBXBuildFile section */

/* Begin PBXFileReference section */
		09144A7213C2997E00388B00 /* Entitlements.plist */ = {isa = PBXFileReference; fileEncoding = 4; lastKnownFileType = text.plist.xml; path = Entitlements.plist; sourceTree = "<group>"; };
		092354B213A1D7EB00DA740F /* CFNetwork.framework */ = {isa = PBXFileReference; lastKnownFileType = wrapper.framework; name = CFNetwork.framework; path = System/Library/Frameworks/CFNetwork.framework; sourceTree = SDKROOT; };
		092354B413A1D7F000DA740F /* SystemConfiguration.framework */ = {isa = PBXFileReference; lastKnownFileType = wrapper.framework; name = SystemConfiguration.framework; path = System/Library/Frameworks/SystemConfiguration.framework; sourceTree = SDKROOT; };
		092354B613A1D83C00DA740F /* MobileCoreServices.framework */ = {isa = PBXFileReference; lastKnownFileType = wrapper.framework; name = MobileCoreServices.framework; path = System/Library/Frameworks/MobileCoreServices.framework; sourceTree = SDKROOT; };
		095ACE8513C68EA300566243 /* AudioToolbox.framework */ = {isa = PBXFileReference; lastKnownFileType = wrapper.framework; name = AudioToolbox.framework; path = System/Library/Frameworks/AudioToolbox.framework; sourceTree = SDKROOT; };
		099CCEAC13F9E3760039A464 /* libz.1.1.3.dylib */ = {isa = PBXFileReference; lastKnownFileType = "compiled.mach-o.dylib"; name = libz.1.1.3.dylib; path = usr/lib/libz.1.1.3.dylib; sourceTree = SDKROOT; };
		09ABC06D13A1D52D009C3FCF /* LostFound.app */ = {isa = PBXFileReference; explicitFileType = wrapper.application; includeInIndex = 0; path = LostFound.app; sourceTree = BUILT_PRODUCTS_DIR; };
		09ABC07113A1D52D009C3FCF /* UIKit.framework */ = {isa = PBXFileReference; lastKnownFileType = wrapper.framework; name = UIKit.framework; path = System/Library/Frameworks/UIKit.framework; sourceTree = SDKROOT; };
		09ABC07313A1D52D009C3FCF /* Foundation.framework */ = {isa = PBXFileReference; lastKnownFileType = wrapper.framework; name = Foundation.framework; path = System/Library/Frameworks/Foundation.framework; sourceTree = SDKROOT; };
		09ABC07913A1D52D009C3FCF /* Info.plist */ = {isa = PBXFileReference; lastKnownFileType = text.plist.xml; path = Info.plist; sourceTree = "<group>"; };
		09ABC07B13A1D52D009C3FCF /* en */ = {isa = PBXFileReference; lastKnownFileType = text.plist.strings; name = en; path = en.lproj/InfoPlist.strings; sourceTree = "<group>"; };
		09ABC07D13A1D52D009C3FCF /* LostFound-Prefix.pch */ = {isa = PBXFileReference; lastKnownFileType = sourcecode.c.h; path = "LostFound-Prefix.pch"; sourceTree = "<group>"; };
		09ABC07E13A1D52D009C3FCF /* main.m */ = {isa = PBXFileReference; lastKnownFileType = sourcecode.c.objc; path = main.m; sourceTree = "<group>"; };
		09ABC08113A1D52D009C3FCF /* LFDelegate.m */ = {isa = PBXFileReference; lastKnownFileType = sourcecode.c.objc; path = LFDelegate.m; sourceTree = "<group>"; };
		09BEF34B13D51C3F001BBCDB /* Security.framework */ = {isa = PBXFileReference; lastKnownFileType = wrapper.framework; name = Security.framework; path = System/Library/Frameworks/Security.framework; sourceTree = SDKROOT; };
		2FCDD6AF14A573F500295AAC /* QuartzCore.framework */ = {isa = PBXFileReference; lastKnownFileType = wrapper.framework; name = QuartzCore.framework; path = System/Library/Frameworks/QuartzCore.framework; sourceTree = SDKROOT; };
		4998650415BF305000803E05 /* StoreKit.framework */ = {isa = PBXFileReference; lastKnownFileType = wrapper.framework; name = StoreKit.framework; path = System/Library/Frameworks/StoreKit.framework; sourceTree = SDKROOT; };
		6332375315E438E900AE2736 /* libsqlite3.dylib */ = {isa = PBXFileReference; lastKnownFileType = "compiled.mach-o.dylib"; name = libsqlite3.dylib; path = usr/lib/libsqlite3.dylib; sourceTree = SDKROOT; };
		6372FF521613CC3C002132AF /* Accounts.framework */ = {isa = PBXFileReference; lastKnownFileType = wrapper.framework; name = Accounts.framework; path = System/Library/Frameworks/Accounts.framework; sourceTree = SDKROOT; };
		6372FF551613CC42002132AF /* Social.framework */ = {isa = PBXFileReference; lastKnownFileType = wrapper.framework; name = Social.framework; path = System/Library/Frameworks/Social.framework; sourceTree = SDKROOT; };
		6372FF571613CC47002132AF /* AdSupport.framework */ = {isa = PBXFileReference; lastKnownFileType = wrapper.framework; name = AdSupport.framework; path = System/Library/Frameworks/AdSupport.framework; sourceTree = SDKROOT; };
		743D7B6C157DA60100084B67 /* CoreGraphics.framework */ = {isa = PBXFileReference; lastKnownFileType = wrapper.framework; name = CoreGraphics.framework; path = System/Library/Frameworks/CoreGraphics.framework; sourceTree = SDKROOT; };
		811B095B1A09503D008B3393 /* ParseUI.framework */ = {isa = PBXFileReference; lastKnownFileType = wrapper.framework; path = ParseUI.framework; sourceTree = "<group>"; };
		817AD67B196B009E0014C796 /* Bolts.framework */ = {isa = PBXFileReference; lastKnownFileType = wrapper.framework; path = Bolts.framework; sourceTree = "<group>"; };
		81A6CA5C1A2EA09D00297C39 /* ParseCrashReporting.framework */ = {isa = PBXFileReference; lastKnownFileType = wrapper.framework; path = ParseCrashReporting.framework; sourceTree = "<group>"; };
		81A6CA601A2EA82800297C39 /* libstdc++.6.dylib */ = {isa = PBXFileReference; lastKnownFileType = "compiled.mach-o.dylib"; name = "libstdc++.6.dylib"; path = "usr/lib/libstdc++.6.dylib"; sourceTree = SDKROOT; };
		81DDFD1719B4A60300BE649C /* Parse.framework */ = {isa = PBXFileReference; lastKnownFileType = wrapper.framework; path = Parse.framework; sourceTree = "<group>"; };
		81DDFD1819B4A60300BE649C /* ParseFacebookUtils.framework */ = {isa = PBXFileReference; lastKnownFileType = wrapper.framework; path = ParseFacebookUtils.framework; sourceTree = "<group>"; };
		880B65631AA8A3B300FF12D6 /* MapKit.framework */ = {isa = PBXFileReference; lastKnownFileType = wrapper.framework; name = MapKit.framework; path = System/Library/Frameworks/MapKit.framework; sourceTree = SDKROOT; };
		883F6C9B1A9FE0CB00ABD4C0 /* LaunchScreen.xib */ = {isa = PBXFileReference; fileEncoding = 4; lastKnownFileType = file.xib; path = LaunchScreen.xib; sourceTree = "<group>"; };
		8852E7EF1AB9FE680022FC8B /* LFMapListingViewController.h */ = {isa = PBXFileReference; fileEncoding = 4; lastKnownFileType = sourcecode.c.h; path = LFMapListingViewController.h; sourceTree = "<group>"; };
		8852E7F01AB9FE680022FC8B /* LFMapListingViewController.m */ = {isa = PBXFileReference; fileEncoding = 4; lastKnownFileType = sourcecode.c.objc; path = LFMapListingViewController.m; sourceTree = "<group>"; };
		8852E7F51ABA05630022FC8B /* ListingAnnotation.h */ = {isa = PBXFileReference; fileEncoding = 4; lastKnownFileType = sourcecode.c.h; path = ListingAnnotation.h; sourceTree = "<group>"; };
		8852E7F61ABA05A00022FC8B /* ListingAnnotation.m */ = {isa = PBXFileReference; fileEncoding = 4; lastKnownFileType = sourcecode.c.objc; path = ListingAnnotation.m; sourceTree = "<group>"; };
		885E80201A9FB93D00DAE48B /* LFLoginViewController.h */ = {isa = PBXFileReference; fileEncoding = 4; lastKnownFileType = sourcecode.c.h; path = LFLoginViewController.h; sourceTree = "<group>"; };
		885E80211A9FB93D00DAE48B /* LFLoginViewController.m */ = {isa = PBXFileReference; fileEncoding = 4; lastKnownFileType = sourcecode.c.objc; path = LFLoginViewController.m; sourceTree = "<group>"; };
		885E80221A9FB93D00DAE48B /* LFLoginViewController.xib */ = {isa = PBXFileReference; fileEncoding = 4; lastKnownFileType = file.xib; path = LFLoginViewController.xib; sourceTree = "<group>"; };
		8862944C1A9FEF21004F028C /* LFNewUserViewController.h */ = {isa = PBXFileReference; fileEncoding = 4; lastKnownFileType = sourcecode.c.h; path = LFNewUserViewController.h; sourceTree = "<group>"; };
		8862944D1A9FEF21004F028C /* LFNewUserViewController.m */ = {isa = PBXFileReference; fileEncoding = 4; lastKnownFileType = sourcecode.c.objc; path = LFNewUserViewController.m; sourceTree = "<group>"; };
		886B59E11AA4BDFD0070E718 /* LFMapViewController.h */ = {isa = PBXFileReference; fileEncoding = 4; lastKnownFileType = sourcecode.c.h; path = LFMapViewController.h; sourceTree = "<group>"; };
		886B59E21AA4BDFD0070E718 /* LFMapViewController.m */ = {isa = PBXFileReference; fileEncoding = 4; lastKnownFileType = sourcecode.c.objc; path = LFMapViewController.m; sourceTree = "<group>"; };
		886B59E31AA4BDFD0070E718 /* LFMapViewController.xib */ = {isa = PBXFileReference; fileEncoding = 4; lastKnownFileType = file.xib; path = LFMapViewController.xib; sourceTree = "<group>"; };
		886B59E61AA4BE780070E718 /* LFProfileViewController.h */ = {isa = PBXFileReference; fileEncoding = 4; lastKnownFileType = sourcecode.c.h; path = LFProfileViewController.h; sourceTree = "<group>"; };
		886B59E71AA4BE780070E718 /* LFProfileViewController.m */ = {isa = PBXFileReference; fileEncoding = 4; lastKnownFileType = sourcecode.c.objc; path = LFProfileViewController.m; sourceTree = "<group>"; };
		886B59E81AA4BE780070E718 /* LFProfileViewController.xib */ = {isa = PBXFileReference; fileEncoding = 4; lastKnownFileType = file.xib; path = LFProfileViewController.xib; sourceTree = "<group>"; };
		8873FCBA1AA0C2C6003A1096 /* LFNewUserViewController.xib */ = {isa = PBXFileReference; fileEncoding = 4; lastKnownFileType = file.xib; path = LFNewUserViewController.xib; sourceTree = "<group>"; };
		887AAA8F1AA2245700E9A06A /* LFSearchViewController.xib */ = {isa = PBXFileReference; fileEncoding = 4; lastKnownFileType = file.xib; path = LFSearchViewController.xib; sourceTree = "<group>"; };
		8883C90E1AA7838A008C6B1E /* LFSearchResultsViewController.h */ = {isa = PBXFileReference; fileEncoding = 4; lastKnownFileType = sourcecode.c.h; path = LFSearchResultsViewController.h; sourceTree = "<group>"; };
		8883C90F1AA7838A008C6B1E /* LFSearchResultsViewController.m */ = {isa = PBXFileReference; fileEncoding = 4; lastKnownFileType = sourcecode.c.objc; path = LFSearchResultsViewController.m; sourceTree = "<group>"; };
		8883C9111AA783D3008C6B1E /* LFSearchViewController.h */ = {isa = PBXFileReference; fileEncoding = 4; lastKnownFileType = sourcecode.c.h; path = LFSearchViewController.h; sourceTree = "<group>"; };
		8883C9121AA783D3008C6B1E /* LFSearchViewController.m */ = {isa = PBXFileReference; fileEncoding = 4; lastKnownFileType = sourcecode.c.objc; path = LFSearchViewController.m; sourceTree = "<group>"; };
		8883C9141AA7861A008C6B1E /* LFSettingsViewController.h */ = {isa = PBXFileReference; fileEncoding = 4; lastKnownFileType = sourcecode.c.h; path = LFSettingsViewController.h; sourceTree = "<group>"; };
		8883C9151AA7861A008C6B1E /* LFSettingsViewController.m */ = {isa = PBXFileReference; fileEncoding = 4; lastKnownFileType = sourcecode.c.objc; path = LFSettingsViewController.m; sourceTree = "<group>"; };
		8883C9171AA7BDF4008C6B1E /* LFCreateListingViewController.h */ = {isa = PBXFileReference; fileEncoding = 4; lastKnownFileType = sourcecode.c.h; path = LFCreateListingViewController.h; sourceTree = "<group>"; };
		8883C9181AA7BDF4008C6B1E /* LFCreateListingViewController.m */ = {isa = PBXFileReference; fileEncoding = 4; lastKnownFileType = sourcecode.c.objc; path = LFCreateListingViewController.m; sourceTree = "<group>"; };
		889922D81A9CDAF500B368F6 /* LFDelegate.h */ = {isa = PBXFileReference; fileEncoding = 4; lastKnownFileType = sourcecode.c.h; path = LFDelegate.h; sourceTree = "<group>"; };
		88D0D66F1AAF507300230E72 /* Listing.h */ = {isa = PBXFileReference; fileEncoding = 4; lastKnownFileType = sourcecode.c.h; path = Listing.h; sourceTree = "<group>"; };
		88D0D6701AAF507300230E72 /* Listing.m */ = {isa = PBXFileReference; fileEncoding = 4; lastKnownFileType = sourcecode.c.objc; path = Listing.m; sourceTree = "<group>"; };
		88D0D6771AAF7C9B00230E72 /* LFCategoriesViewController.h */ = {isa = PBXFileReference; fileEncoding = 4; lastKnownFileType = sourcecode.c.h; name = LFCategoriesViewController.h; path = ../LFCategoriesViewController.h; sourceTree = "<group>"; };
		88D0D6781AAF7C9B00230E72 /* LFCategoriesViewController.m */ = {isa = PBXFileReference; fileEncoding = 4; lastKnownFileType = sourcecode.c.objc; name = LFCategoriesViewController.m; path = ../LFCategoriesViewController.m; sourceTree = "<group>"; };
		88DB0BC01AB4E92B00076DA9 /* LFLocationViewController.h */ = {isa = PBXFileReference; fileEncoding = 4; lastKnownFileType = sourcecode.c.h; path = LFLocationViewController.h; sourceTree = "<group>"; };
		88DB0BC11AB4E92B00076DA9 /* LFLocationViewController.m */ = {isa = PBXFileReference; fileEncoding = 4; lastKnownFileType = sourcecode.c.objc; path = LFLocationViewController.m; sourceTree = "<group>"; };
		91D261781A36EB67005D713D /* libsqlite3.0.dylib */ = {isa = PBXFileReference; lastKnownFileType = "compiled.mach-o.dylib"; name = libsqlite3.0.dylib; path = usr/lib/libsqlite3.0.dylib; sourceTree = SDKROOT; };
		97E18B1E1624CB5700B17A67 /* CoreLocation.framework */ = {isa = PBXFileReference; lastKnownFileType = wrapper.framework; name = CoreLocation.framework; path = System/Library/Frameworks/CoreLocation.framework; sourceTree = SDKROOT; };
		F5DD9E261A9B8D4600695F7C /* Images.xcassets */ = {isa = PBXFileReference; lastKnownFileType = folder.assetcatalog; name = Images.xcassets; path = ../Images.xcassets; sourceTree = "<group>"; };
		F5DD9E2A1A9B9CB400695F7C /* Main.storyboard */ = {isa = PBXFileReference; fileEncoding = 4; lastKnownFileType = file.storyboard; path = Main.storyboard; sourceTree = "<group>"; };
/* End PBXFileReference section */

/* Begin PBXFrameworksBuildPhase section */
		09ABC06A13A1D52D009C3FCF /* Frameworks */ = {
			isa = PBXFrameworksBuildPhase;
			buildActionMask = 2147483647;
			files = (
				880B65641AA8A3B300FF12D6 /* MapKit.framework in Frameworks */,
				91D261791A36EB67005D713D /* libsqlite3.0.dylib in Frameworks */,
				81A6CA611A2EA82800297C39 /* libstdc++.6.dylib in Frameworks */,
				DD952FCB16E7F5CF00470144 /* CoreLocation.framework in Frameworks */,
				4998650515BF305000803E05 /* StoreKit.framework in Frameworks */,
				743D7B6D157DA60100084B67 /* CoreGraphics.framework in Frameworks */,
				81A6CA5D1A2EA09D00297C39 /* ParseCrashReporting.framework in Frameworks */,
				2FCDD6B014A573F500295AAC /* QuartzCore.framework in Frameworks */,
				099CCEAD13F9E3760039A464 /* libz.1.1.3.dylib in Frameworks */,
				09BEF34C13D51C3F001BBCDB /* Security.framework in Frameworks */,
				811B095C1A09503D008B3393 /* ParseUI.framework in Frameworks */,
				095ACE8613C68EA300566243 /* AudioToolbox.framework in Frameworks */,
				092354B713A1D83C00DA740F /* MobileCoreServices.framework in Frameworks */,
				81DDFD1A19B4A60300BE649C /* ParseFacebookUtils.framework in Frameworks */,
				092354B513A1D7F000DA740F /* SystemConfiguration.framework in Frameworks */,
				092354B313A1D7EB00DA740F /* CFNetwork.framework in Frameworks */,
				81DDFD1919B4A60300BE649C /* Parse.framework in Frameworks */,
				09ABC07213A1D52D009C3FCF /* UIKit.framework in Frameworks */,
				09ABC07413A1D52D009C3FCF /* Foundation.framework in Frameworks */,
				817AD67C196B009E0014C796 /* Bolts.framework in Frameworks */,
			);
			runOnlyForDeploymentPostprocessing = 0;
		};
/* End PBXFrameworksBuildPhase section */

/* Begin PBXGroup section */
		09ABC06213A1D52D009C3FCF = {
			isa = PBXGroup;
			children = (
				09ABC07713A1D52D009C3FCF /* LFProject */,
				09ABC07013A1D52D009C3FCF /* Frameworks */,
				09ABC06E13A1D52D009C3FCF /* Products */,
			);
			sourceTree = "<group>";
		};
		09ABC06E13A1D52D009C3FCF /* Products */ = {
			isa = PBXGroup;
			children = (
				09ABC06D13A1D52D009C3FCF /* LostFound.app */,
			);
			name = Products;
			sourceTree = "<group>";
		};
		09ABC07013A1D52D009C3FCF /* Frameworks */ = {
			isa = PBXGroup;
			children = (
				880B65631AA8A3B300FF12D6 /* MapKit.framework */,
				91D261781A36EB67005D713D /* libsqlite3.0.dylib */,
				81DDFD1719B4A60300BE649C /* Parse.framework */,
				811B095B1A09503D008B3393 /* ParseUI.framework */,
				81A6CA5C1A2EA09D00297C39 /* ParseCrashReporting.framework */,
				81DDFD1819B4A60300BE649C /* ParseFacebookUtils.framework */,
				817AD67B196B009E0014C796 /* Bolts.framework */,
				81A6CA5E1A2EA0B800297C39 /* System Frameworks */,
			);
			path = Frameworks;
			sourceTree = "<group>";
		};
		09ABC07713A1D52D009C3FCF /* LFProject */ = {
			isa = PBXGroup;
			children = (
				88B6A59A1AA5119500DBE138 /* Views */,
				88D0D6731AAF522900230E72 /* Objects */,
				88D0D6771AAF7C9B00230E72 /* LFCategoriesViewController.h */,
				88D0D6781AAF7C9B00230E72 /* LFCategoriesViewController.m */,
				09ABC08113A1D52D009C3FCF /* LFDelegate.m */,
				889922D81A9CDAF500B368F6 /* LFDelegate.h */,
				F5DD9E2A1A9B9CB400695F7C /* Main.storyboard */,
				8852E7F51ABA05630022FC8B /* ListingAnnotation.h */,
				8852E7F61ABA05A00022FC8B /* ListingAnnotation.m */,
				8852E7EF1AB9FE680022FC8B /* LFMapListingViewController.h */,
				8852E7F01AB9FE680022FC8B /* LFMapListingViewController.m */,
				88DB0BC01AB4E92B00076DA9 /* LFLocationViewController.h */,
				88DB0BC11AB4E92B00076DA9 /* LFLocationViewController.m */,
				8883C9171AA7BDF4008C6B1E /* LFCreateListingViewController.h */,
				8883C9181AA7BDF4008C6B1E /* LFCreateListingViewController.m */,
				8883C9111AA783D3008C6B1E /* LFSearchViewController.h */,
				8883C9121AA783D3008C6B1E /* LFSearchViewController.m */,
				8883C90E1AA7838A008C6B1E /* LFSearchResultsViewController.h */,
				8883C90F1AA7838A008C6B1E /* LFSearchResultsViewController.m */,
				8883C9141AA7861A008C6B1E /* LFSettingsViewController.h */,
				8883C9151AA7861A008C6B1E /* LFSettingsViewController.m */,
				886B59E61AA4BE780070E718 /* LFProfileViewController.h */,
				886B59E71AA4BE780070E718 /* LFProfileViewController.m */,
				886B59E11AA4BDFD0070E718 /* LFMapViewController.h */,
				886B59E21AA4BDFD0070E718 /* LFMapViewController.m */,
				8862944C1A9FEF21004F028C /* LFNewUserViewController.h */,
				8862944D1A9FEF21004F028C /* LFNewUserViewController.m */,
				885E80201A9FB93D00DAE48B /* LFLoginViewController.h */,
				885E80211A9FB93D00DAE48B /* LFLoginViewController.m */,
				F5DD9E261A9B8D4600695F7C /* Images.xcassets */,
				09ABC07813A1D52D009C3FCF /* Supporting Files */,
			);
			path = LFProject;
			sourceTree = "<group>";
		};
		09ABC07813A1D52D009C3FCF /* Supporting Files */ = {
			isa = PBXGroup;
			children = (
				09ABC07913A1D52D009C3FCF /* Info.plist */,
				09144A7213C2997E00388B00 /* Entitlements.plist */,
				09ABC07A13A1D52D009C3FCF /* InfoPlist.strings */,
				09ABC07D13A1D52D009C3FCF /* LostFound-Prefix.pch */,
				09ABC07E13A1D52D009C3FCF /* main.m */,
			);
			name = "Supporting Files";
			sourceTree = "<group>";
		};
		81A6CA5E1A2EA0B800297C39 /* System Frameworks */ = {
			isa = PBXGroup;
			children = (
				6372FF571613CC47002132AF /* AdSupport.framework */,
				6372FF551613CC42002132AF /* Social.framework */,
				6372FF521613CC3C002132AF /* Accounts.framework */,
				095ACE8513C68EA300566243 /* AudioToolbox.framework */,
				092354B213A1D7EB00DA740F /* CFNetwork.framework */,
				743D7B6C157DA60100084B67 /* CoreGraphics.framework */,
				97E18B1E1624CB5700B17A67 /* CoreLocation.framework */,
				09ABC07313A1D52D009C3FCF /* Foundation.framework */,
				6332375315E438E900AE2736 /* libsqlite3.dylib */,
				099CCEAC13F9E3760039A464 /* libz.1.1.3.dylib */,
				81A6CA601A2EA82800297C39 /* libstdc++.6.dylib */,
				092354B613A1D83C00DA740F /* MobileCoreServices.framework */,
				2FCDD6AF14A573F500295AAC /* QuartzCore.framework */,
				09BEF34B13D51C3F001BBCDB /* Security.framework */,
				4998650415BF305000803E05 /* StoreKit.framework */,
				092354B413A1D7F000DA740F /* SystemConfiguration.framework */,
				09ABC07113A1D52D009C3FCF /* UIKit.framework */,
			);
			name = "System Frameworks";
			sourceTree = "<group>";
		};
		88B6A59A1AA5119500DBE138 /* Views */ = {
			isa = PBXGroup;
			children = (
				883F6C9B1A9FE0CB00ABD4C0 /* LaunchScreen.xib */,
				886B59E81AA4BE780070E718 /* LFProfileViewController.xib */,
				886B59E31AA4BDFD0070E718 /* LFMapViewController.xib */,
				8873FCBA1AA0C2C6003A1096 /* LFNewUserViewController.xib */,
				885E80221A9FB93D00DAE48B /* LFLoginViewController.xib */,
				887AAA8F1AA2245700E9A06A /* LFSearchViewController.xib */,
			);
			name = Views;
			sourceTree = "<group>";
		};
		88D0D6731AAF522900230E72 /* Objects */ = {
			isa = PBXGroup;
			children = (
				88D0D66F1AAF507300230E72 /* Listing.h */,
				88D0D6701AAF507300230E72 /* Listing.m */,
			);
			name = Objects;
			sourceTree = "<group>";
		};
/* End PBXGroup section */

/* Begin PBXNativeTarget section */
		09ABC06C13A1D52D009C3FCF /* LostFound */ = {
			isa = PBXNativeTarget;
			buildConfigurationList = 09ABC08E13A1D52E009C3FCF /* Build configuration list for PBXNativeTarget "LostFound" */;
			buildPhases = (
				09ABC06913A1D52D009C3FCF /* Sources */,
				09ABC06A13A1D52D009C3FCF /* Frameworks */,
				09ABC06B13A1D52D009C3FCF /* Resources */,
				81A6CA5F1A2EA3D600297C39 /* Upload Symbol Files */,
			);
			buildRules = (
			);
			dependencies = (
			);
			name = LostFound;
			productName = ParseStarterProject;
			productReference = 09ABC06D13A1D52D009C3FCF /* LostFound.app */;
			productType = "com.apple.product-type.application";
		};
/* End PBXNativeTarget section */

/* Begin PBXProject section */
		09ABC06413A1D52D009C3FCF /* Project object */ = {
			isa = PBXProject;
			attributes = {
				LastUpgradeCheck = 0510;
			};
			buildConfigurationList = 09ABC06713A1D52D009C3FCF /* Build configuration list for PBXProject "LostFound" */;
			compatibilityVersion = "Xcode 3.2";
			developmentRegion = English;
			hasScannedForEncodings = 0;
			knownRegions = (
				en,
			);
			mainGroup = 09ABC06213A1D52D009C3FCF;
			productRefGroup = 09ABC06E13A1D52D009C3FCF /* Products */;
			projectDirPath = "";
			projectRoot = "";
			targets = (
				09ABC06C13A1D52D009C3FCF /* LostFound */,
			);
		};
/* End PBXProject section */

/* Begin PBXResourcesBuildPhase section */
		09ABC06B13A1D52D009C3FCF /* Resources */ = {
			isa = PBXResourcesBuildPhase;
			buildActionMask = 2147483647;
			files = (
				883F6C9C1A9FE0CB00ABD4C0 /* LaunchScreen.xib in Resources */,
				09ABC07C13A1D52D009C3FCF /* InfoPlist.strings in Resources */,
				886B59EA1AA4BE780070E718 /* LFProfileViewController.xib in Resources */,
				887AAA911AA2245700E9A06A /* LFSearchViewController.xib in Resources */,
				F5DD9E271A9B8D4600695F7C /* Images.xcassets in Resources */,
				09144A7313C2997E00388B00 /* Entitlements.plist in Resources */,
				F5DD9E2B1A9B9CB400695F7C /* Main.storyboard in Resources */,
				886B59E51AA4BDFD0070E718 /* LFMapViewController.xib in Resources */,
				8873FCBB1AA0C2C6003A1096 /* LFNewUserViewController.xib in Resources */,
				885E80241A9FB93D00DAE48B /* LFLoginViewController.xib in Resources */,
			);
			runOnlyForDeploymentPostprocessing = 0;
		};
/* End PBXResourcesBuildPhase section */

/* Begin PBXShellScriptBuildPhase section */
		81A6CA5F1A2EA3D600297C39 /* Upload Symbol Files */ = {
			isa = PBXShellScriptBuildPhase;
			buildActionMask = 2147483647;
			files = (
			);
			inputPaths = (
			);
			name = "Upload Symbol Files";
			outputPaths = (
			);
			runOnlyForDeploymentPostprocessing = 0;
			shellPath = /bin/sh;
			shellScript = "# This script will upload symbol files for your application,\n# so all your crash reports are going to be symbolicated\n\n# Important!\n# Before using the script, please initialize CloudCode folder and replace <path_to_cloudcode_folder> with the path to it\n#\n# Read more on Parse.com - https://parse.com/apps/quickstart#analytics/crashreporting/ios/\n############################################################\n\n\n# export PATH=/usr/local/bin:$PATH\n# cd <path_to_cloudcode_folder>\n\n# parse symbols \"${DWARF_DSYM_FOLDER_PATH}/${DWARF_DSYM_FILE_NAME}\"\n";
		};
/* End PBXShellScriptBuildPhase section */

/* Begin PBXSourcesBuildPhase section */
		09ABC06913A1D52D009C3FCF /* Sources */ = {
			isa = PBXSourcesBuildPhase;
			buildActionMask = 2147483647;
			files = (
				8862944E1A9FEF21004F028C /* LFNewUserViewController.m in Sources */,
				8883C9191AA7BDF4008C6B1E /* LFCreateListingViewController.m in Sources */,
				8852E7F11AB9FE680022FC8B /* LFMapListingViewController.m in Sources */,
				88D0D6791AAF7C9B00230E72 /* LFCategoriesViewController.m in Sources */,
				885E80231A9FB93D00DAE48B /* LFLoginViewController.m in Sources */,
				8883C9131AA783D3008C6B1E /* LFSearchViewController.m in Sources */,
				09ABC07F13A1D52D009C3FCF /* main.m in Sources */,
				8883C9101AA7838A008C6B1E /* LFSearchResultsViewController.m in Sources */,
				8883C9161AA7861A008C6B1E /* LFSettingsViewController.m in Sources */,
				88D0D6711AAF507300230E72 /* Listing.m in Sources */,
				886B59E91AA4BE780070E718 /* LFProfileViewController.m in Sources */,
				8852E7F71ABA05A00022FC8B /* ListingAnnotation.m in Sources */,
				886B59E41AA4BDFD0070E718 /* LFMapViewController.m in Sources */,
				09ABC08213A1D52D009C3FCF /* LFDelegate.m in Sources */,
				88DB0BC21AB4E92B00076DA9 /* LFLocationViewController.m in Sources */,
			);
			runOnlyForDeploymentPostprocessing = 0;
		};
/* End PBXSourcesBuildPhase section */

/* Begin PBXVariantGroup section */
		09ABC07A13A1D52D009C3FCF /* InfoPlist.strings */ = {
			isa = PBXVariantGroup;
			children = (
				09ABC07B13A1D52D009C3FCF /* en */,
			);
			name = InfoPlist.strings;
			sourceTree = "<group>";
		};
/* End PBXVariantGroup section */

/* Begin XCBuildConfiguration section */
		09ABC08C13A1D52E009C3FCF /* Debug */ = {
			isa = XCBuildConfiguration;
			buildSettings = {
				GCC_OPTIMIZATION_LEVEL = 0;
				GCC_PREPROCESSOR_DEFINITIONS = DEBUG;
				GCC_SYMBOLS_PRIVATE_EXTERN = NO;
				GCC_WARN_ABOUT_RETURN_TYPE = YES;
				GCC_WARN_UNUSED_VARIABLE = YES;
				IPHONEOS_DEPLOYMENT_TARGET = 6.0;
				ONLY_ACTIVE_ARCH = YES;
				SDKROOT = iphoneos;
			};
			name = Debug;
		};
		09ABC08D13A1D52E009C3FCF /* Release */ = {
			isa = XCBuildConfiguration;
			buildSettings = {
				GCC_WARN_ABOUT_RETURN_TYPE = YES;
				GCC_WARN_UNUSED_VARIABLE = YES;
				IPHONEOS_DEPLOYMENT_TARGET = 6.0;
				OTHER_CFLAGS = "-DNS_BLOCK_ASSERTIONS=1";
				SDKROOT = iphoneos;
			};
			name = Release;
		};
		09ABC08F13A1D52E009C3FCF /* Debug */ = {
			isa = XCBuildConfiguration;
			buildSettings = {
				CLANG_ENABLE_OBJC_ARC = YES;
				CODE_SIGN_IDENTITY = "iPhone Developer";
				COPY_PHASE_STRIP = NO;
				FRAMEWORK_SEARCH_PATHS = (
					"$(inherited)",
					"$(SRCROOT)",
					"$(PROJECT_DIR)",
				);
				GCC_DYNAMIC_NO_PIC = NO;
				GCC_PRECOMPILE_PREFIX_HEADER = YES;
				GCC_PREFIX_HEADER = "";
				INFOPLIST_FILE = "$(SRCROOT)/LFProject/Info.plist";
				IPHONEOS_DEPLOYMENT_TARGET = 8.0;
				PRODUCT_NAME = LostFound;
				TARGETED_DEVICE_FAMILY = 1;
				WRAPPER_EXTENSION = app;
			};
			name = Debug;
		};
		09ABC09013A1D52E009C3FCF /* Release */ = {
			isa = XCBuildConfiguration;
			buildSettings = {
				CLANG_ENABLE_OBJC_ARC = YES;
				CODE_SIGN_IDENTITY = "iPhone Developer";
				COPY_PHASE_STRIP = YES;
				FRAMEWORK_SEARCH_PATHS = (
					"$(inherited)",
					"$(SRCROOT)",
					"$(PROJECT_DIR)",
				);
				GCC_PRECOMPILE_PREFIX_HEADER = YES;
				GCC_PREFIX_HEADER = "";
				INFOPLIST_FILE = "$(SRCROOT)/LFProject/Info.plist";
				IPHONEOS_DEPLOYMENT_TARGET = 8.0;
				PRODUCT_NAME = LostFound;
				TARGETED_DEVICE_FAMILY = 1;
				VALIDATE_PRODUCT = YES;
				WRAPPER_EXTENSION = app;
			};
			name = Release;
		};
/* End XCBuildConfiguration section */

/* Begin XCConfigurationList section */
		09ABC06713A1D52D009C3FCF /* Build configuration list for PBXProject "LostFound" */ = {
			isa = XCConfigurationList;
			buildConfigurations = (
				09ABC08C13A1D52E009C3FCF /* Debug */,
				09ABC08D13A1D52E009C3FCF /* Release */,
			);
			defaultConfigurationIsVisible = 0;
			defaultConfigurationName = Release;
		};
		09ABC08E13A1D52E009C3FCF /* Build configuration list for PBXNativeTarget "LostFound" */ = {
			isa = XCConfigurationList;
			buildConfigurations = (
				09ABC08F13A1D52E009C3FCF /* Debug */,
				09ABC09013A1D52E009C3FCF /* Release */,
			);
			defaultConfigurationIsVisible = 0;
			defaultConfigurationName = Release;
		};
/* End XCConfigurationList section */
	};
	rootObject = 09ABC06413A1D52D009C3FCF /* Project object */;
}
